
Microsoft Visual Studio Solution File, Format Version 12.00
# Visual Studio Version 17
VisualStudioVersion = 17.5.33424.131
MinimumVisualStudioVersion = 10.0.40219.1
Project("{9A19103F-16F7-4668-BE54-9A1E7A4F7556}") = "RegisterTicketsTests", "TestProject1\RegisterTicketsTests.csproj", "{14906F28-4C63-4F31-A60E-B2528941E95F}"
	ProjectSection(ProjectDependencies) = postProject
		{A36427B4-D4E4-4CE8-83E7-A4C98618874E} = {A36427B4-D4E4-4CE8-83E7-A4C98618874E}
	EndProjectSection
EndProject
Project("{9A19103F-16F7-4668-BE54-9A1E7A4F7556}") = "RegisterTickets", "RegisterTickets\RegisterTickets.csproj", "{A36427B4-D4E4-4CE8-83E7-A4C98618874E}"
EndProject
Global
	GlobalSection(SolutionConfigurationPlatforms) = preSolution
		Debug|Any CPU = Debug|Any CPU
		Release|Any CPU = Release|Any CPU
	EndGlobalSection
	GlobalSection(ProjectConfigurationPlatforms) = postSolution
		{14906F28-4C63-4F31-A60E-B2528941E95F}.Debug|Any CPU.ActiveCfg = Debug|Any CPU
		{14906F28-4C63-4F31-A60E-B2528941E95F}.Debug|Any CPU.Build.0 = Debug|Any CPU
		{14906F28-4C63-4F31-A60E-B2528941E95F}.Release|Any CPU.ActiveCfg = Release|Any CPU
		{14906F28-4C63-4F31-A60E-B2528941E95F}.Release|Any CPU.Build.0 = Release|Any CPU
		{A36427B4-D4E4-4CE8-83E7-A4C98618874E}.Debug|Any CPU.ActiveCfg = Debug|Any CPU
		{A36427B4-D4E4-4CE8-83E7-A4C98618874E}.Debug|Any CPU.Build.0 = Debug|Any CPU
		{A36427B4-D4E4-4CE8-83E7-A4C98618874E}.Release|Any CPU.ActiveCfg = Release|Any CPU
		{A36427B4-D4E4-4CE8-83E7-A4C98618874E}.Release|Any CPU.Build.0 = Release|Any CPU
	EndGlobalSection
	GlobalSection(SolutionProperties) = preSolution
		HideSolutionNode = FALSE
	EndGlobalSection
	GlobalSection(ExtensibilityGlobals) = postSolution
		SolutionGuid = {9FC8FA90-A7BA-4468-AE81-EBF6B0485E93}
	EndGlobalSection
EndGlobal
